
Microsoft Visual Studio Solution File, Format Version 11.00
# Visual Studio 2010
Project("{8BC9CEB8-8B4A-11D0-8D11-00A0C91BC942}") = "protobuf", "protobuf\protobuf.vcxproj", "{BFFE9D51-6AFC-4279-BEDC-B2CF4B43655E}"
EndProject
Global
	GlobalSection(SolutionConfigurationPlatforms) = preSolution
		Debug|Win32 = Debug|Win32
		Release|Win32 = Release|Win32
	EndGlobalSection
	GlobalSection(ProjectConfigurationPlatforms) = postSolution
		{BFFE9D51-6AFC-4279-BEDC-B2CF4B43655E}.Debug|Win32.ActiveCfg = Debug|Win32
		{BFFE9D51-6AFC-4279-BEDC-B2CF4B43655E}.Debug|Win32.Build.0 = Debug|Win32
		{BFFE9D51-6AFC-4279-BEDC-B2CF4B43655E}.Release|Win32.ActiveCfg = Release|Win32
		{BFFE9D51-6AFC-4279-BEDC-B2CF4B43655E}.Release|Win32.Build.0 = Release|Win32
	EndGlobalSection
	GlobalSection(SolutionProperties) = preSolution
		HideSolutionNode = FALSE
	EndGlobalSection
EndGlobal
